
Microsoft Visual Studio Solution File, Format Version 12.00
# Visual Studio 2013
VisualStudioVersion = 12.0.30723.0
MinimumVisualStudioVersion = 10.0.40219.1
Project("{FAE04EC0-301F-11D3-BF4B-00C04F79EFBC}") = "DoshiiDotNetIntegration", "DoshiiDotNetIntegration\DoshiiDotNetIntegration.csproj", "{C415EA93-1D45-4678-8CD4-F810B9521143}"
EndProject
Project("{FAE04EC0-301F-11D3-BF4B-00C04F79EFBC}") = "DoshiiDotNetSDKTests", "DoshiiDotNetSDKTests\DoshiiDotNetSDKTests.csproj", "{5D151107-1C16-4EC6-9414-C7D59E5DA174}"
	ProjectSection(ProjectDependencies) = postProject
		{C415EA93-1D45-4678-8CD4-F810B9521143} = {C415EA93-1D45-4678-8CD4-F810B9521143}
	EndProjectSection
EndProject
Project("{7CF6DF6D-3B04-46F8-A40B-537D21BCA0B4}") = "DoshiSDKDocumentation", "..\DoshiSDKDocumentation.shfbproj", "{33747A66-DC54-4ADB-9265-BCD913CACF9C}"
	ProjectSection(ProjectDependencies) = postProject
		{5D151107-1C16-4EC6-9414-C7D59E5DA174} = {5D151107-1C16-4EC6-9414-C7D59E5DA174}
		{C415EA93-1D45-4678-8CD4-F810B9521143} = {C415EA93-1D45-4678-8CD4-F810B9521143}
	EndProjectSection
EndProject
Global
	GlobalSection(SolutionConfigurationPlatforms) = preSolution
		Debug|Any CPU = Debug|Any CPU
		Debug|Mixed Platforms = Debug|Mixed Platforms
		Debug|x86 = Debug|x86
		Release|Any CPU = Release|Any CPU
		Release|Mixed Platforms = Release|Mixed Platforms
		Release|x86 = Release|x86
	EndGlobalSection
	GlobalSection(ProjectConfigurationPlatforms) = postSolution
		{C415EA93-1D45-4678-8CD4-F810B9521143}.Debug|Any CPU.ActiveCfg = Debug|Any CPU
		{C415EA93-1D45-4678-8CD4-F810B9521143}.Debug|Any CPU.Build.0 = Debug|Any CPU
		{C415EA93-1D45-4678-8CD4-F810B9521143}.Debug|Mixed Platforms.ActiveCfg = Debug|Any CPU
		{C415EA93-1D45-4678-8CD4-F810B9521143}.Debug|Mixed Platforms.Build.0 = Debug|Any CPU
		{C415EA93-1D45-4678-8CD4-F810B9521143}.Debug|x86.ActiveCfg = Debug|Any CPU
		{C415EA93-1D45-4678-8CD4-F810B9521143}.Release|Any CPU.ActiveCfg = Release|Any CPU
		{C415EA93-1D45-4678-8CD4-F810B9521143}.Release|Any CPU.Build.0 = Release|Any CPU
		{C415EA93-1D45-4678-8CD4-F810B9521143}.Release|Mixed Platforms.ActiveCfg = Release|Any CPU
		{C415EA93-1D45-4678-8CD4-F810B9521143}.Release|Mixed Platforms.Build.0 = Release|Any CPU
		{C415EA93-1D45-4678-8CD4-F810B9521143}.Release|x86.ActiveCfg = Release|Any CPU
		{5D151107-1C16-4EC6-9414-C7D59E5DA174}.Debug|Any CPU.ActiveCfg = Debug|Any CPU
		{5D151107-1C16-4EC6-9414-C7D59E5DA174}.Debug|Any CPU.Build.0 = Debug|Any CPU
		{5D151107-1C16-4EC6-9414-C7D59E5DA174}.Debug|Mixed Platforms.ActiveCfg = Debug|Any CPU
		{5D151107-1C16-4EC6-9414-C7D59E5DA174}.Debug|Mixed Platforms.Build.0 = Debug|Any CPU
		{5D151107-1C16-4EC6-9414-C7D59E5DA174}.Debug|x86.ActiveCfg = Debug|Any CPU
		{5D151107-1C16-4EC6-9414-C7D59E5DA174}.Release|Any CPU.ActiveCfg = Release|Any CPU
		{5D151107-1C16-4EC6-9414-C7D59E5DA174}.Release|Any CPU.Build.0 = Release|Any CPU
		{5D151107-1C16-4EC6-9414-C7D59E5DA174}.Release|Mixed Platforms.ActiveCfg = Release|Any CPU
		{5D151107-1C16-4EC6-9414-C7D59E5DA174}.Release|Mixed Platforms.Build.0 = Release|Any CPU
		{5D151107-1C16-4EC6-9414-C7D59E5DA174}.Release|x86.ActiveCfg = Release|Any CPU
		{33747A66-DC54-4ADB-9265-BCD913CACF9C}.Debug|Any CPU.ActiveCfg = Debug|Any CPU
		{33747A66-DC54-4ADB-9265-BCD913CACF9C}.Debug|Any CPU.Build.0 = Debug|Any CPU
		{33747A66-DC54-4ADB-9265-BCD913CACF9C}.Debug|Mixed Platforms.ActiveCfg = Debug|Any CPU
		{33747A66-DC54-4ADB-9265-BCD913CACF9C}.Debug|Mixed Platforms.Build.0 = Debug|Any CPU
		{33747A66-DC54-4ADB-9265-BCD913CACF9C}.Debug|x86.ActiveCfg = Debug|Any CPU
		{33747A66-DC54-4ADB-9265-BCD913CACF9C}.Release|Any CPU.ActiveCfg = Release|Any CPU
		{33747A66-DC54-4ADB-9265-BCD913CACF9C}.Release|Any CPU.Build.0 = Release|Any CPU
		{33747A66-DC54-4ADB-9265-BCD913CACF9C}.Release|Mixed Platforms.ActiveCfg = Release|Any CPU
		{33747A66-DC54-4ADB-9265-BCD913CACF9C}.Release|Mixed Platforms.Build.0 = Release|Any CPU
		{33747A66-DC54-4ADB-9265-BCD913CACF9C}.Release|x86.ActiveCfg = Release|Any CPU
	EndGlobalSection
	GlobalSection(SolutionProperties) = preSolution
		HideSolutionNode = FALSE
	EndGlobalSection
EndGlobal
